
Microsoft Visual Studio Solution File, Format Version 12.00
# Visual Studio Version 17
VisualStudioVersion = 17.0.31912.275
MinimumVisualStudioVersion = 10.0.40219.1
Project("{FAE04EC0-301F-11D3-BF4B-00C04F79EFBC}") = "Exercise_6", "Exercise_6.csproj", "{3322D141-7822-4A03-AF7A-41B61B6C3FF0}"
EndProject
Project("{FAE04EC0-301F-11D3-BF4B-00C04F79EFBC}") = "Mouse.Tests", "..\Mouse.Tests\Mouse.Tests.csproj", "{3E641B89-4CC8-4F4B-A73D-FD9D3BCFFF7E}"
EndProject
Project("{FAE04EC0-301F-11D3-BF4B-00C04F79EFBC}") = "Cat.Tests", "..\Cat.Tests\Cat.Tests.csproj", "{20AC3AAD-EA5D-483D-93CA-DB03B11D6BE0}"
EndProject
Project("{FAE04EC0-301F-11D3-BF4B-00C04F79EFBC}") = "Tiiger.Tests", "..\Tiiger.Tests\Tiiger.Tests.csproj", "{21430C5B-695E-4C64-9E92-8754222162F4}"
EndProject
Project("{FAE04EC0-301F-11D3-BF4B-00C04F79EFBC}") = "Zebra.Tests", "..\Zebra.Tests\Zebra.Tests.csproj", "{EEC99DD8-CA54-4F79-9AE3-5123D79EE2A0}"
EndProject
Global
	GlobalSection(SolutionConfigurationPlatforms) = preSolution
		Debug|Any CPU = Debug|Any CPU
		Release|Any CPU = Release|Any CPU
	EndGlobalSection
	GlobalSection(ProjectConfigurationPlatforms) = postSolution
		{3322D141-7822-4A03-AF7A-41B61B6C3FF0}.Debug|Any CPU.ActiveCfg = Debug|Any CPU
		{3322D141-7822-4A03-AF7A-41B61B6C3FF0}.Debug|Any CPU.Build.0 = Debug|Any CPU
		{3322D141-7822-4A03-AF7A-41B61B6C3FF0}.Release|Any CPU.ActiveCfg = Release|Any CPU
		{3322D141-7822-4A03-AF7A-41B61B6C3FF0}.Release|Any CPU.Build.0 = Release|Any CPU
		{3E641B89-4CC8-4F4B-A73D-FD9D3BCFFF7E}.Debug|Any CPU.ActiveCfg = Debug|Any CPU
		{3E641B89-4CC8-4F4B-A73D-FD9D3BCFFF7E}.Debug|Any CPU.Build.0 = Debug|Any CPU
		{3E641B89-4CC8-4F4B-A73D-FD9D3BCFFF7E}.Release|Any CPU.ActiveCfg = Release|Any CPU
		{3E641B89-4CC8-4F4B-A73D-FD9D3BCFFF7E}.Release|Any CPU.Build.0 = Release|Any CPU
		{20AC3AAD-EA5D-483D-93CA-DB03B11D6BE0}.Debug|Any CPU.ActiveCfg = Debug|Any CPU
		{20AC3AAD-EA5D-483D-93CA-DB03B11D6BE0}.Debug|Any CPU.Build.0 = Debug|Any CPU
		{20AC3AAD-EA5D-483D-93CA-DB03B11D6BE0}.Release|Any CPU.ActiveCfg = Release|Any CPU
		{20AC3AAD-EA5D-483D-93CA-DB03B11D6BE0}.Release|Any CPU.Build.0 = Release|Any CPU
		{21430C5B-695E-4C64-9E92-8754222162F4}.Debug|Any CPU.ActiveCfg = Debug|Any CPU
		{21430C5B-695E-4C64-9E92-8754222162F4}.Debug|Any CPU.Build.0 = Debug|Any CPU
		{21430C5B-695E-4C64-9E92-8754222162F4}.Release|Any CPU.ActiveCfg = Release|Any CPU
		{21430C5B-695E-4C64-9E92-8754222162F4}.Release|Any CPU.Build.0 = Release|Any CPU
		{EEC99DD8-CA54-4F79-9AE3-5123D79EE2A0}.Debug|Any CPU.ActiveCfg = Debug|Any CPU
		{EEC99DD8-CA54-4F79-9AE3-5123D79EE2A0}.Debug|Any CPU.Build.0 = Debug|Any CPU
		{EEC99DD8-CA54-4F79-9AE3-5123D79EE2A0}.Release|Any CPU.ActiveCfg = Release|Any CPU
		{EEC99DD8-CA54-4F79-9AE3-5123D79EE2A0}.Release|Any CPU.Build.0 = Release|Any CPU
	EndGlobalSection
	GlobalSection(SolutionProperties) = preSolution
		HideSolutionNode = FALSE
	EndGlobalSection
	GlobalSection(ExtensibilityGlobals) = postSolution
		SolutionGuid = {803220CE-1BE6-47A1-B4A7-EE2A85B96022}
	EndGlobalSection
EndGlobal
