
Microsoft Visual Studio Solution File, Format Version 12.00
# Visual Studio Version 17
VisualStudioVersion = 17.0.31912.275
MinimumVisualStudioVersion = 10.0.40219.1
Project("{9A19103F-16F7-4668-BE54-9A1E7A4F7556}") = "Hierarchy", "Hierarchy.csproj", "{6A12CD88-A370-47D6-B378-8D35107181AB}"
EndProject
Global
	GlobalSection(SolutionConfigurationPlatforms) = preSolution
		Debug|Any CPU = Debug|Any CPU
		Release|Any CPU = Release|Any CPU
	EndGlobalSection
	GlobalSection(ProjectConfigurationPlatforms) = postSolution
		{6A12CD88-A370-47D6-B378-8D35107181AB}.Debug|Any CPU.ActiveCfg = Debug|Any CPU
		{6A12CD88-A370-47D6-B378-8D35107181AB}.Debug|Any CPU.Build.0 = Debug|Any CPU
		{6A12CD88-A370-47D6-B378-8D35107181AB}.Release|Any CPU.ActiveCfg = Release|Any CPU
		{6A12CD88-A370-47D6-B378-8D35107181AB}.Release|Any CPU.Build.0 = Release|Any CPU
	EndGlobalSection
	GlobalSection(SolutionProperties) = preSolution
		HideSolutionNode = FALSE
	EndGlobalSection
	GlobalSection(ExtensibilityGlobals) = postSolution
		SolutionGuid = {9E3EE0C2-9AA5-46E2-8474-6C6FCC8D21F7}
	EndGlobalSection
EndGlobal
